github.com/Ulugbek999/bank5 v0.0.0-20210331164039-15a3840daa8a h1:MkhUj84eN9M8t7tFlTW2peuW759UEt4QRoDcN0+F7ZY=
github.com/Ulugbek999/bank5 v0.0.0-20210331164039-15a3840daa8a/go.mod h1:1PhDkhptgAhzQq/qzQ6oXFQdwsPBdh/Sls0wgWKzvBo=
github.com/Ulugbek999/bank5 v0.0.0-20210331171007-41cf184f20b7 h1:1g18VeBZ3tek+2wDnCfcEU38sm8624xmWNxuZ4xmbMo=
github.com/Ulugbek999/bank5 v0.0.0-20210331171007-41cf184f20b7/go.mod h1:1PhDkhptgAhzQq/qzQ6oXFQdwsPBdh/Sls0wgWKzvBo=
